SITE
  remote: http://community.opscode.com/api/v1
  specs:
    dmg (2.0.4)

GIT
  remote: git://github.com/cboone/sprout.git
  path: osx
  ref: development
  sha: 65992deae13987143edef6d2bbea761e6f7ba71c
  specs:
    osx (0.1.0)

GIT
  remote: git://github.com/cboone/sprout.git
  path: pivotal_workstation
  ref: development
  sha: 65992deae13987143edef6d2bbea761e6f7ba71c
  specs:
    pivotal_workstation (1.0.0)
      dmg (>= 0.0.0)
      osx (>= 0.0.0)
      sprout-osx-apps (>= 0.0.0)
      sprout-osx-base (>= 0.0.0)
      sprout-osx-settings (>= 0.0.0)
      sprout-pivotal (>= 0.0.0)

GIT
  remote: git://github.com/cboone/sprout.git
  path: sprout-osx-apps
  ref: development
  sha: 65992deae13987143edef6d2bbea761e6f7ba71c
  specs:
    sprout-osx-apps (0.1.0)
      dmg (>= 0.0.0)
      sprout-osx-base (>= 0.0.0)
      sprout-osx-settings (>= 0.0.0)

GIT
  remote: git://github.com/cboone/sprout.git
  path: sprout-osx-base
  ref: development
  sha: 65992deae13987143edef6d2bbea761e6f7ba71c
  specs:
    sprout-osx-base (0.1.0)

GIT
  remote: git://github.com/cboone/sprout.git
  path: sprout-osx-git
  ref: development
  sha: 65992deae13987143edef6d2bbea761e6f7ba71c
  specs:
    sprout-osx-git (0.1.0)
      sprout-osx-base (>= 0.0.0)

GIT
  remote: git://github.com/cboone/sprout.git
  path: sprout-osx-rubymine
  ref: development
  sha: 65992deae13987143edef6d2bbea761e6f7ba71c
  specs:
    sprout-osx-rubymine (0.1.0)
      sprout-osx-apps (>= 0.0.0)
      sprout-osx-base (>= 0.0.0)

GIT
  remote: git://github.com/cboone/sprout.git
  path: sprout-osx-settings
  ref: development
  sha: 65992deae13987143edef6d2bbea761e6f7ba71c
  specs:
    sprout-osx-settings (0.1.0)
      osx (>= 0.0.0)
      sprout-osx-base (>= 0.0.0)

GIT
  remote: git://github.com/cboone/sprout.git
  path: sprout-pivotal
  ref: development
  sha: 65992deae13987143edef6d2bbea761e6f7ba71c
  specs:
    sprout-pivotal (0.1.0)
      dmg (>= 0.0.0)
      sprout-osx-base (>= 0.0.0)

PATH
  remote: site-cookbooks/hpm-osx-apps
  specs:
    hpm-osx-apps (0.1.0)

PATH
  remote: site-cookbooks/hpm-workstation
  specs:
    hpm-workstation (0.1.0)
      hpm-osx-apps (>= 0.0.0)
      pivotal_workstation (>= 0.0.0)
      pivotal_workstation_private (>= 0.0.0)
      sprout-osx-apps (>= 0.0.0)
      sprout-osx-settings (>= 0.0.0)

PATH
  remote: ~/workspace/pivotal_workstation_private
  specs:
    pivotal_workstation_private (0.0.1)
      dmg (>= 0.0.0)
      pivotal_workstation (>= 0.0.0)

DEPENDENCIES
  hpm-osx-apps (>= 0)
  hpm-workstation (>= 0)
  osx (>= 0)
  pivotal_workstation (>= 0)
  pivotal_workstation_private (>= 0)
  sprout-osx-apps (>= 0)
  sprout-osx-base (>= 0)
  sprout-osx-git (>= 0)
  sprout-osx-rubymine (>= 0)
  sprout-osx-settings (>= 0)
  sprout-pivotal (>= 0)

